// !$*UTF8*$!
{
	archiveVersion = 1;
	classes = {
	};
	objectVersion = 50;
	objects = {

/* Begin PBXBuildFile section */
		6B53BB8F2548A81C00A1AB51 /* AppDelegate.swift in Sources */ = {isa = PBXBuildFile; fileRef = 6B53BB8E2548A81C00A1AB51 /* AppDelegate.swift */; };
		6B53BB912548A81C00A1AB51 /* SceneDelegate.swift in Sources */ = {isa = PBXBuildFile; fileRef = 6B53BB902548A81C00A1AB51 /* SceneDelegate.swift */; };
		6B53BB932548A81C00A1AB51 /* ViewController.swift in Sources */ = {isa = PBXBuildFile; fileRef = 6B53BB922548A81C00A1AB51 /* ViewController.swift */; };
		6B53BB962548A81C00A1AB51 /* Main.storyboard in Resources */ = {isa = PBXBuildFile; fileRef = 6B53BB942548A81C00A1AB51 /* Main.storyboard */; };
		6B53BB982548A81E00A1AB51 /* Assets.xcassets in Resources */ = {isa = PBXBuildFile; fileRef = 6B53BB972548A81E00A1AB51 /* Assets.xcassets */; };
		6B53BB9B2548A81E00A1AB51 /* LaunchScreen.storyboard in Resources */ = {isa = PBXBuildFile; fileRef = 6B53BB992548A81E00A1AB51 /* LaunchScreen.storyboard */; };
		6B53BBA42548AAE800A1AB51 /* JsonStruct.swift in Sources */ = {isa = PBXBuildFile; fileRef = 6B53BBA32548AAE800A1AB51 /* JsonStruct.swift */; };
		6B53BBA72548AB1F00A1AB51 /* JsonTriviaFile.swift in Sources */ = {isa = PBXBuildFile; fileRef = 6B53BBA62548AB1F00A1AB51 /* JsonTriviaFile.swift */; };
		6B53BBD52549D20D00A1AB51 /* homeViewController.swift in Sources */ = {isa = PBXBuildFile; fileRef = 6B53BBD42549D20D00A1AB51 /* homeViewController.swift */; };
		6B53BBD72549EC6800A1AB51 /* triviaQuestionsViewController.swift in Sources */ = {isa = PBXBuildFile; fileRef = 6B53BBD62549EC6800A1AB51 /* triviaQuestionsViewController.swift */; };
		6B53BBD92549F45300A1AB51 /* questionsCollectionViewCell.swift in Sources */ = {isa = PBXBuildFile; fileRef = 6B53BBD82549F45300A1AB51 /* questionsCollectionViewCell.swift */; };
		6BDF7C9F254B19460052A59F /* Apprentice_TandemFor400_Data.json in Resources */ = {isa = PBXBuildFile; fileRef = 6BDF7C9E254B19460052A59F /* Apprentice_TandemFor400_Data.json */; };
/* End PBXBuildFile section */

/* Begin PBXFileReference section */
		6B53BB8B2548A81C00A1AB51 /* KarysTrivia-iOS-Challenge.app */ = {isa = PBXFileReference; explicitFileType = wrapper.application; includeInIndex = 0; path = "KarysTrivia-iOS-Challenge.app"; sourceTree = BUILT_PRODUCTS_DIR; };
		6B53BB8E2548A81C00A1AB51 /* AppDelegate.swift */ = {isa = PBXFileReference; lastKnownFileType = sourcecode.swift; path = AppDelegate.swift; sourceTree = "<group>"; };
		6B53BB902548A81C00A1AB51 /* SceneDelegate.swift */ = {isa = PBXFileReference; lastKnownFileType = sourcecode.swift; path = SceneDelegate.swift; sourceTree = "<group>"; };
		6B53BB922548A81C00A1AB51 /* ViewController.swift */ = {isa = PBXFileReference; lastKnownFileType = sourcecode.swift; path = ViewController.swift; sourceTree = "<group>"; };
		6B53BB952548A81C00A1AB51 /* Base */ = {isa = PBXFileReference; lastKnownFileType = file.storyboard; name = Base; path = Base.lproj/Main.storyboard; sourceTree = "<group>"; };
		6B53BB972548A81E00A1AB51 /* Assets.xcassets */ = {isa = PBXFileReference; lastKnownFileType = folder.assetcatalog; path = Assets.xcassets; sourceTree = "<group>"; };
		6B53BB9A2548A81E00A1AB51 /* Base */ = {isa = PBXFileReference; lastKnownFileType = file.storyboard; name = Base; path = Base.lproj/LaunchScreen.storyboard; sourceTree = "<group>"; };
		6B53BB9C2548A81E00A1AB51 /* Info.plist */ = {isa = PBXFileReference; lastKnownFileType = text.plist.xml; path = Info.plist; sourceTree = "<group>"; };
		6B53BBA32548AAE800A1AB51 /* JsonStruct.swift */ = {isa = PBXFileReference; lastKnownFileType = sourcecode.swift; path = JsonStruct.swift; sourceTree = "<group>"; };
		6B53BBA62548AB1F00A1AB51 /* JsonTriviaFile.swift */ = {isa = PBXFileReference; lastKnownFileType = sourcecode.swift; path = JsonTriviaFile.swift; sourceTree = "<group>"; };
		6B53BBD42549D20D00A1AB51 /* homeViewController.swift */ = {isa = PBXFileReference; lastKnownFileType = sourcecode.swift; path = homeViewController.swift; sourceTree = "<group>"; };
		6B53BBD62549EC6800A1AB51 /* triviaQuestionsViewController.swift */ = {isa = PBXFileReference; lastKnownFileType = sourcecode.swift; path = triviaQuestionsViewController.swift; sourceTree = "<group>"; };
		6B53BBD82549F45300A1AB51 /* questionsCollectionViewCell.swift */ = {isa = PBXFileReference; lastKnownFileType = sourcecode.swift; path = questionsCollectionViewCell.swift; sourceTree = "<group>"; };
		6BDF7C9E254B19460052A59F /* Apprentice_TandemFor400_Data.json */ = {isa = PBXFileReference; fileEncoding = 4; lastKnownFileType = text.json; path = Apprentice_TandemFor400_Data.json; sourceTree = "<group>"; };
/* End PBXFileReference section */

/* Begin PBXFrameworksBuildPhase section */
		6B53BB882548A81C00A1AB51 /* Frameworks */ = {
			isa = PBXFrameworksBuildPhase;
			buildActionMask = 2147483647;
			files = (
			);
			runOnlyForDeploymentPostprocessing = 0;
		};
/* End PBXFrameworksBuildPhase section */

/* Begin PBXGroup section */
		6B53BB822548A81C00A1AB51 = {
			isa = PBXGroup;
			children = (
				6B53BB8D2548A81C00A1AB51 /* KarysTrivia-iOS-Challenge */,
				6B53BB8C2548A81C00A1AB51 /* Products */,
			);
			sourceTree = "<group>";
		};
		6B53BB8C2548A81C00A1AB51 /* Products */ = {
			isa = PBXGroup;
			children = (
				6B53BB8B2548A81C00A1AB51 /* KarysTrivia-iOS-Challenge.app */,
			);
			name = Products;
			sourceTree = "<group>";
		};
		6B53BB8D2548A81C00A1AB51 /* KarysTrivia-iOS-Challenge */ = {
			isa = PBXGroup;
			children = (
				6B53BBD32549D1E500A1AB51 /* ViewControllers */,
				6B53BBA52548AAF800A1AB51 /* Jsonfile */,
				6B53BBA22548AAB300A1AB51 /* Models */,
				6B53BB8E2548A81C00A1AB51 /* AppDelegate.swift */,
				6B53BB902548A81C00A1AB51 /* SceneDelegate.swift */,
				6B53BB922548A81C00A1AB51 /* ViewController.swift */,
				6B53BB942548A81C00A1AB51 /* Main.storyboard */,
				6B53BB972548A81E00A1AB51 /* Assets.xcassets */,
				6B53BB992548A81E00A1AB51 /* LaunchScreen.storyboard */,
				6B53BB9C2548A81E00A1AB51 /* Info.plist */,
			);
			path = "KarysTrivia-iOS-Challenge";
			sourceTree = "<group>";
		};
		6B53BBA22548AAB300A1AB51 /* Models */ = {
			isa = PBXGroup;
			children = (
				6B53BBA32548AAE800A1AB51 /* JsonStruct.swift */,
				6BDF7C9E254B19460052A59F /* Apprentice_TandemFor400_Data.json */,
			);
			path = Models;
			sourceTree = "<group>";
		};
		6B53BBA52548AAF800A1AB51 /* Jsonfile */ = {
			isa = PBXGroup;
			children = (
				6B53BBA62548AB1F00A1AB51 /* JsonTriviaFile.swift */,
			);
			path = Jsonfile;
			sourceTree = "<group>";
		};
		6B53BBD32549D1E500A1AB51 /* ViewControllers */ = {
			isa = PBXGroup;
			children = (
				6B53BBD42549D20D00A1AB51 /* homeViewController.swift */,
				6B53BBD62549EC6800A1AB51 /* triviaQuestionsViewController.swift */,
				6B53BBD82549F45300A1AB51 /* questionsCollectionViewCell.swift */,
			);
			path = ViewControllers;
			sourceTree = "<group>";
		};
/* End PBXGroup section */

/* Begin PBXNativeTarget section */
		6B53BB8A2548A81C00A1AB51 /* KarysTrivia-iOS-Challenge */ = {
			isa = PBXNativeTarget;
			buildConfigurationList = 6B53BB9F2548A81E00A1AB51 /* Build configuration list for PBXNativeTarget "KarysTrivia-iOS-Challenge" */;
			buildPhases = (
				6B53BB872548A81C00A1AB51 /* Sources */,
				6B53BB882548A81C00A1AB51 /* Frameworks */,
				6B53BB892548A81C00A1AB51 /* Resources */,
			);
			buildRules = (
			);
			dependencies = (
			);
			name = "KarysTrivia-iOS-Challenge";
			productName = "KarysTrivia-iOS-Challenge";
			productReference = 6B53BB8B2548A81C00A1AB51 /* KarysTrivia-iOS-Challenge.app */;
			productType = "com.apple.product-type.application";
		};
/* End PBXNativeTarget section */

/* Begin PBXProject section */
		6B53BB832548A81C00A1AB51 /* Project object */ = {
			isa = PBXProject;
			attributes = {
				LastSwiftUpdateCheck = 1100;
				LastUpgradeCheck = 1100;
				ORGANIZATIONNAME = "Kary Martinez";
				TargetAttributes = {
					6B53BB8A2548A81C00A1AB51 = {
						CreatedOnToolsVersion = 11.0;
					};
				};
			};
			buildConfigurationList = 6B53BB862548A81C00A1AB51 /* Build configuration list for PBXProject "KarysTrivia-iOS-Challenge" */;
			compatibilityVersion = "Xcode 9.3";
			developmentRegion = en;
			hasScannedForEncodings = 0;
			knownRegions = (
				en,
				Base,
			);
			mainGroup = 6B53BB822548A81C00A1AB51;
			productRefGroup = 6B53BB8C2548A81C00A1AB51 /* Products */;
			projectDirPath = "";
			projectRoot = "";
			targets = (
				6B53BB8A2548A81C00A1AB51 /* KarysTrivia-iOS-Challenge */,
			);
		};
/* End PBXProject section */

/* Begin PBXResourcesBuildPhase section */
		6B53BB892548A81C00A1AB51 /* Resources */ = {
			isa = PBXResourcesBuildPhase;
			buildActionMask = 2147483647;
			files = (
				6BDF7C9F254B19460052A59F /* Apprentice_TandemFor400_Data.json in Resources */,
				6B53BB9B2548A81E00A1AB51 /* LaunchScreen.storyboard in Resources */,
				6B53BB982548A81E00A1AB51 /* Assets.xcassets in Resources */,
				6B53BB962548A81C00A1AB51 /* Main.storyboard in Resources */,
			);
			runOnlyForDeploymentPostprocessing = 0;
		};
/* End PBXResourcesBuildPhase section */

/* Begin PBXSourcesBuildPhase section */
		6B53BB872548A81C00A1AB51 /* Sources */ = {
			isa = PBXSourcesBuildPhase;
			buildActionMask = 2147483647;
			files = (
				6B53BB932548A81C00A1AB51 /* ViewController.swift in Sources */,
				6B53BBD72549EC6800A1AB51 /* triviaQuestionsViewController.swift in Sources */,
				6B53BBD92549F45300A1AB51 /* questionsCollectionViewCell.swift in Sources */,
				6B53BBD52549D20D00A1AB51 /* homeViewController.swift in Sources */,
				6B53BBA72548AB1F00A1AB51 /* JsonTriviaFile.swift in Sources */,
				6B53BB8F2548A81C00A1AB51 /* AppDelegate.swift in Sources */,
				6B53BBA42548AAE800A1AB51 /* JsonStruct.swift in Sources */,
				6B53BB912548A81C00A1AB51 /* SceneDelegate.swift in Sources */,
			);
			runOnlyForDeploymentPostprocessing = 0;
		};
/* End PBXSourcesBuildPhase section */

/* Begin PBXVariantGroup section */
		6B53BB942548A81C00A1AB51 /* Main.storyboard */ = {
			isa = PBXVariantGroup;
			children = (
				6B53BB952548A81C00A1AB51 /* Base */,
			);
			name = Main.storyboard;
			sourceTree = "<group>";
		};
		6B53BB992548A81E00A1AB51 /* LaunchScreen.storyboard */ = {
			isa = PBXVariantGroup;
			children = (
				6B53BB9A2548A81E00A1AB51 /* Base */,
			);
			name = LaunchScreen.storyboard;
			sourceTree = "<group>";
		};
/* End PBXVariantGroup section */

/* Begin XCBuildConfiguration section */
		6B53BB9D2548A81E00A1AB51 /* Debug */ = {
			isa = XCBuildConfiguration;
			buildSettings = {
				ALWAYS_SEARCH_USER_PATHS = NO;
				CLANG_ANALYZER_NONNULL = YES;
				CLANG_ANALYZER_NUMBER_OBJECT_CONVERSION = YES_AGGRESSIVE;
				CLANG_CXX_LANGUAGE_STANDARD = "gnu++14";
				CLANG_CXX_LIBRARY = "libc++";
				CLANG_ENABLE_MODULES = YES;
				CLANG_ENABLE_OBJC_ARC = YES;
				CLANG_ENABLE_OBJC_WEAK = YES;
				CLANG_WARN_BLOCK_CAPTURE_AUTORELEASING = YES;
				CLANG_WARN_BOOL_CONVERSION = YES;
				CLANG_WARN_COMMA = YES;
				CLANG_WARN_CONSTANT_CONVERSION = YES;
				CLANG_WARN_DEPRECATED_OBJC_IMPLEMENTATIONS = YES;
				CLANG_WARN_DIRECT_OBJC_ISA_USAGE = YES_ERROR;
				CLANG_WARN_DOCUMENTATION_COMMENTS = YES;
				CLANG_WARN_EMPTY_BODY = YES;
				CLANG_WARN_ENUM_CONVERSION = YES;
				CLANG_WARN_INFINITE_RECURSION = YES;
				CLANG_WARN_INT_CONVERSION = YES;
				CLANG_WARN_NON_LITERAL_NULL_CONVERSION = YES;
				CLANG_WARN_OBJC_IMPLICIT_RETAIN_SELF = YES;
				CLANG_WARN_OBJC_LITERAL_CONVERSION = YES;
				CLANG_WARN_OBJC_ROOT_CLASS = YES_ERROR;
				CLANG_WARN_RANGE_LOOP_ANALYSIS = YES;
				CLANG_WARN_STRICT_PROTOTYPES = YES;
				CLANG_WARN_SUSPICIOUS_MOVE = YES;
				CLANG_WARN_UNGUARDED_AVAILABILITY = YES_AGGRESSIVE;
				CLANG_WARN_UNREACHABLE_CODE = YES;
				CLANG_WARN__DUPLICATE_METHOD_MATCH = YES;
				COPY_PHASE_STRIP = NO;
				DEBUG_INFORMATION_FORMAT = dwarf;
				ENABLE_STRICT_OBJC_MSGSEND = YES;
				ENABLE_TESTABILITY = YES;
				GCC_C_LANGUAGE_STANDARD = gnu11;
				GCC_DYNAMIC_NO_PIC = NO;
				GCC_NO_COMMON_BLOCKS = YES;
				GCC_OPTIMIZATION_LEVEL = 0;
				GCC_PREPROCESSOR_DEFINITIONS = (
					"DEBUG=1",
					"$(inherited)",
				);
				GCC_WARN_64_TO_32_BIT_CONVERSION = YES;
				GCC_WARN_ABOUT_RETURN_TYPE = YES_ERROR;
				GCC_WARN_UNDECLARED_SELECTOR = YES;
				GCC_WARN_UNINITIALIZED_AUTOS = YES_AGGRESSIVE;
				GCC_WARN_UNUSED_FUNCTION = YES;
				GCC_WARN_UNUSED_VARIABLE = YES;
				IPHONEOS_DEPLOYMENT_TARGET = 13.0;
				MTL_ENABLE_DEBUG_INFO = INCLUDE_SOURCE;
				MTL_FAST_MATH = YES;
				ONLY_ACTIVE_ARCH = YES;
				SDKROOT = iphoneos;
				SWIFT_ACTIVE_COMPILATION_CONDITIONS = DEBUG;
				SWIFT_OPTIMIZATION_LEVEL = "-Onone";
			};
			name = Debug;
		};
		6B53BB9E2548A81E00A1AB51 /* Release */ = {
			isa = XCBuildConfiguration;
			buildSettings = {
				ALWAYS_SEARCH_USER_PATHS = NO;
				CLANG_ANALYZER_NONNULL = YES;
				CLANG_ANALYZER_NUMBER_OBJECT_CONVERSION = YES_AGGRESSIVE;
				CLANG_CXX_LANGUAGE_STANDARD = "gnu++14";
				CLANG_CXX_LIBRARY = "libc++";
				CLANG_ENABLE_MODULES = YES;
				CLANG_ENABLE_OBJC_ARC = YES;
				CLANG_ENABLE_OBJC_WEAK = YES;
				CLANG_WARN_BLOCK_CAPTURE_AUTORELEASING = YES;
				CLANG_WARN_BOOL_CONVERSION = YES;
				CLANG_WARN_COMMA = YES;
				CLANG_WARN_CONSTANT_CONVERSION = YES;
				CLANG_WARN_DEPRECATED_OBJC_IMPLEMENTATIONS = YES;
				CLANG_WARN_DIRECT_OBJC_ISA_USAGE = YES_ERROR;
				CLANG_WARN_DOCUMENTATION_COMMENTS = YES;
				CLANG_WARN_EMPTY_BODY = YES;
				CLANG_WARN_ENUM_CONVERSION = YES;
				CLANG_WARN_INFINITE_RECURSION = YES;
				CLANG_WARN_INT_CONVERSION = YES;
				CLANG_WARN_NON_LITERAL_NULL_CONVERSION = YES;
				CLANG_WARN_OBJC_IMPLICIT_RETAIN_SELF = YES;
				CLANG_WARN_OBJC_LITERAL_CONVERSION = YES;
				CLANG_WARN_OBJC_ROOT_CLASS = YES_ERROR;
				CLANG_WARN_RANGE_LOOP_ANALYSIS = YES;
				CLANG_WARN_STRICT_PROTOTYPES = YES;
				CLANG_WARN_SUSPICIOUS_MOVE = YES;
				CLANG_WARN_UNGUARDED_AVAILABILITY = YES_AGGRESSIVE;
				CLANG_WARN_UNREACHABLE_CODE = YES;
				CLANG_WARN__DUPLICATE_METHOD_MATCH = YES;
				COPY_PHASE_STRIP = NO;
				DEBUG_INFORMATION_FORMAT = "dwarf-with-dsym";
				ENABLE_NS_ASSERTIONS = NO;
				ENABLE_STRICT_OBJC_MSGSEND = YES;
				GCC_C_LANGUAGE_STANDARD = gnu11;
				GCC_NO_COMMON_BLOCKS = YES;
				GCC_WARN_64_TO_32_BIT_CONVERSION = YES;
				GCC_WARN_ABOUT_RETURN_TYPE = YES_ERROR;
				GCC_WARN_UNDECLARED_SELECTOR = YES;
				GCC_WARN_UNINITIALIZED_AUTOS = YES_AGGRESSIVE;
				GCC_WARN_UNUSED_FUNCTION = YES;
				GCC_WARN_UNUSED_VARIABLE = YES;
				IPHONEOS_DEPLOYMENT_TARGET = 13.0;
				MTL_ENABLE_DEBUG_INFO = NO;
				MTL_FAST_MATH = YES;
				SDKROOT = iphoneos;
				SWIFT_COMPILATION_MODE = wholemodule;
				SWIFT_OPTIMIZATION_LEVEL = "-O";
				VALIDATE_PRODUCT = YES;
			};
			name = Release;
		};
		6B53BBA02548A81E00A1AB51 /* Debug */ = {
			isa = XCBuildConfiguration;
			buildSettings = {
				ASSETCATALOG_COMPILER_APPICON_NAME = AppIcon;
				CODE_SIGN_STYLE = Automatic;
				INFOPLIST_FILE = "KarysTrivia-iOS-Challenge/Info.plist";
				LD_RUNPATH_SEARCH_PATHS = (
					"$(inherited)",
					"@executable_path/Frameworks",
				);
				PRODUCT_BUNDLE_IDENTIFIER = "project.KarysTrivia-iOS-Challenge";
				PRODUCT_NAME = "$(TARGET_NAME)";
				SWIFT_VERSION = 5.0;
				TARGETED_DEVICE_FAMILY = "1,2";
			};
			name = Debug;
		};
		6B53BBA12548A81E00A1AB51 /* Release */ = {
			isa = XCBuildConfiguration;
			buildSettings = {
				ASSETCATALOG_COMPILER_APPICON_NAME = AppIcon;
				CODE_SIGN_STYLE = Automatic;
				INFOPLIST_FILE = "KarysTrivia-iOS-Challenge/Info.plist";
				LD_RUNPATH_SEARCH_PATHS = (
					"$(inherited)",
					"@executable_path/Frameworks",
				);
				PRODUCT_BUNDLE_IDENTIFIER = "project.KarysTrivia-iOS-Challenge";
				PRODUCT_NAME = "$(TARGET_NAME)";
				SWIFT_VERSION = 5.0;
				TARGETED_DEVICE_FAMILY = "1,2";
			};
			name = Release;
		};
/* End XCBuildConfiguration section */

/* Begin XCConfigurationList section */
		6B53BB862548A81C00A1AB51 /* Build configuration list for PBXProject "KarysTrivia-iOS-Challenge" */ = {
			isa = XCConfigurationList;
			buildConfigurations = (
				6B53BB9D2548A81E00A1AB51 /* Debug */,
				6B53BB9E2548A81E00A1AB51 /* Release */,
			);
			defaultConfigurationIsVisible = 0;
			defaultConfigurationName = Release;
		};
		6B53BB9F2548A81E00A1AB51 /* Build configuration list for PBXNativeTarget "KarysTrivia-iOS-Challenge" */ = {
			isa = XCConfigurationList;
			buildConfigurations = (
				6B53BBA02548A81E00A1AB51 /* Debug */,
				6B53BBA12548A81E00A1AB51 /* Release */,
			);
			defaultConfigurationIsVisible = 0;
			defaultConfigurationName = Release;
		};
/* End XCConfigurationList section */
	};
	rootObject = 6B53BB832548A81C00A1AB51 /* Project object */;
}
